<Solution>
  <Folder Name="/src/">
    <Project Path="src/Api/GeradorCertificado.Api.csproj" />
    <Project Path="src/Aplicacao/GeradorCertificado.Aplicacao.csproj" />
    <Project Path="src/Dominio/GeradorCertificado.Dominio.csproj" />
    <Project Path="src/Infra/GeradorCertificado.Infra.csproj" />
  </Folder>
  <Folder Name="/tests/">
    <Project Path="tests/GeradorCertificado.UnitTests/GeradorCertificado.UnitTests.csproj" />
    <Project Path="tests/GeradorCertificado.IntegrationTests/GeradorCertificado.IntegrationTests.csproj" />
  </Folder>
</Solution>
